<?xml version="1.0" encoding="utf-8"?>
<Project ToolsVersion="4.0" xmlns="http://schemas.microsoft.com/developer/msbuild/2003">
  <ItemGroup>
    <Filter Include="src">
      <UniqueIdentifier>{a39fa5ce-d8d4-4e10-a566-2064056b37b9}</UniqueIdentifier>
      <Extensions>cpp</Extensions>
    </Filter>
    <Filter Include="h">
      <UniqueIdentifier>{433d3181-68cd-4d9e-b15c-90707ccd925c}</UniqueIdentifier>
      <Extensions>h</Extensions>
    </Filter>
    <Filter Include="glsl">
      <UniqueIdentifier>{707db9ff-15eb-4cec-ac24-e7ced5feca23}</UniqueIdentifier>
      <Extensions>frag;vert</Extensions>
    </Filter>
    <Filter Include="tests">
      <UniqueIdentifier>{dd3da551-c97a-4daa-9f2b-9be846dc359d}</UniqueIdentifier>
      <Extensions>test.h</Extensions>
    </Filter>
  </ItemGroup>
  <ItemGroup>
    <None Include="..\data\Shaders\BatchBillboard_still.frag">
      <Filter>glsl</Filter>
    </None>
    <None Include="..\data\Shaders\BatchBillboard_still.vert">
      <Filter>glsl</Filter>
    </None>
    <None Include="..\data\Shaders\BatchBillboard_turn.frag">
      <Filter>glsl</Filter>
    </None>
    <None Include="..\data\Shaders\BatchBillboard_turn.vert">
      <Filter>glsl</Filter>
    </None>
    <None Include="..\data\Shaders\SingleBillboard.frag">
      <Filter>glsl</Filter>
    </None>
    <None Include="..\data\Shaders\SingleBillboard.vert">
      <Filter>glsl</Filter>
    </None>
  </ItemGroup>
  <ItemGroup>
    <ClCompile Include="..\src\BatchBillboard.cpp">
      <Filter>src</Filter>
    </ClCompile>
    <ClCompile Include="..\src\Billboard.cpp">
      <Filter>src</Filter>
    </ClCompile>
    <ClCompile Include="..\src\Camera.cpp">
      <Filter>src</Filter>
    </ClCompile>
    <ClCompile Include="..\src\DrawableObject.cpp">
      <Filter>src</Filter>
    </ClCompile>
    <ClCompile Include="..\src\HUD.cpp">
      <Filter>src</Filter>
    </ClCompile>
    <ClCompile Include="..\src\Illustration.cpp">
      <Filter>src</Filter>
    </ClCompile>
    <ClCompile Include="..\src\ImmersiveKidz.cpp">
      <Filter>src</Filter>
    </ClCompile>
    <ClCompile Include="..\src\main.cpp">
      <Filter>src</Filter>
    </ClCompile>
    <ClCompile Include="..\src\Model.cpp">
      <Filter>src</Filter>
    </ClCompile>
    <ClCompile Include="..\src\Plane.cpp">
      <Filter>src</Filter>
    </ClCompile>
    <ClCompile Include="..\src\SceneLoader.cpp">
      <Filter>src</Filter>
    </ClCompile>
    <ClCompile Include="..\src\Skybox.cpp">
      <Filter>src</Filter>
    </ClCompile>
    <ClCompile Include="..\unit_test\UnitTests.cpp">
      <Filter>tests</Filter>
    </ClCompile>
    <ClCompile Include="..\src\AudioHandler.cpp">
      <Filter>src</Filter>
    </ClCompile>
    <ClCompile Include="..\src\SoundObject.cpp">
      <Filter>src</Filter>
    </ClCompile>
    <ClCompile Include="..\src\Animation.cpp">
      <Filter>src</Filter>
    </ClCompile>
    <ClCompile Include="..\src\SceneLoader+private.cpp">
      <Filter>src</Filter>
    </ClCompile>
  </ItemGroup>
  <ItemGroup>
    <ClInclude Include="..\unit_test\Camera.test.h">
      <Filter>tests</Filter>
    </ClInclude>
    <ClInclude Include="..\src\BatchBillboard.h">
      <Filter>h</Filter>
    </ClInclude>
    <ClInclude Include="..\src\Billboard.h">
      <Filter>h</Filter>
    </ClInclude>
    <ClInclude Include="..\src\Camera.h">
      <Filter>h</Filter>
    </ClInclude>
    <ClInclude Include="..\src\DrawableObject.h">
      <Filter>h</Filter>
    </ClInclude>
    <ClInclude Include="..\src\HUD.h">
      <Filter>h</Filter>
    </ClInclude>
    <ClInclude Include="..\src\Illustration.h">
      <Filter>h</Filter>
    </ClInclude>
    <ClInclude Include="..\src\ImmersiveKidz.h">
      <Filter>h</Filter>
    </ClInclude>
    <ClInclude Include="..\src\Model.h">
      <Filter>h</Filter>
    </ClInclude>
    <ClInclude Include="..\src\Plane.h">
      <Filter>h</Filter>
    </ClInclude>
    <ClInclude Include="..\src\SceneLoader.h">
      <Filter>h</Filter>
    </ClInclude>
    <ClInclude Include="..\src\Skybox.h">
      <Filter>h</Filter>
    </ClInclude>
    <ClInclude Include="..\unit_test\HUD.test.h">
      <Filter>tests</Filter>
    </ClInclude>
    <ClInclude Include="..\unit_test\Billboard.test.h">
      <Filter>tests</Filter>
    </ClInclude>
    <ClInclude Include="..\src\Animation.h">
      <Filter>h</Filter>
    </ClInclude>
    <ClInclude Include="..\src\AudioHandler.h">
      <Filter>h</Filter>
    </ClInclude>
    <ClInclude Include="..\src\SoundObject.h">
      <Filter>h</Filter>
    </ClInclude>
    <ClInclude Include="..\unit_test\AudioHandler.test.h">
      <Filter>tests</Filter>
    </ClInclude>
    <ClInclude Include="..\unit_test\Illustration.test.h">
      <Filter>tests</Filter>
    </ClInclude>
  </ItemGroup>
</Project>